
Microsoft Visual Studio Solution File, Format Version 12.00
# Visual Studio Version 17
VisualStudioVersion = 17.9.34728.123
MinimumVisualStudioVersion = 10.0.40219.1
Project("{FAE04EC0-301F-11D3-BF4B-00C04F79EFBC}") = "UML_Maker_App", "UML_Maker_App\UML_Maker_App.csproj", "{A4D76B8B-B6DC-4CAF-8281-8C1249128B69}"
EndProject
Global
	GlobalSection(SolutionConfigurationPlatforms) = preSolution
		Debug|Any CPU = Debug|Any CPU
		Release|Any CPU = Release|Any CPU
	EndGlobalSection
	GlobalSection(ProjectConfigurationPlatforms) = postSolution
		{A4D76B8B-B6DC-4CAF-8281-8C1249128B69}.Debug|Any CPU.ActiveCfg = Debug|Any CPU
		{A4D76B8B-B6DC-4CAF-8281-8C1249128B69}.Debug|Any CPU.Build.0 = Debug|Any CPU
		{A4D76B8B-B6DC-4CAF-8281-8C1249128B69}.Release|Any CPU.ActiveCfg = Release|Any CPU
		{A4D76B8B-B6DC-4CAF-8281-8C1249128B69}.Release|Any CPU.Build.0 = Release|Any CPU
	EndGlobalSection
	GlobalSection(SolutionProperties) = preSolution
		HideSolutionNode = FALSE
	EndGlobalSection
	GlobalSection(ExtensibilityGlobals) = postSolution
		SolutionGuid = {1CB21108-9ACE-4D47-B241-8BDD8AF128D0}
	EndGlobalSection
EndGlobal
